# This file was autogenerated by Stack.
# You should not edit this file by hand.
# For more information, please see the documentation at:
#   https://docs.haskellstack.org/en/stable/lock_files

packages:
- completed:
    hackage: clash-prelude-1.8.1@sha256:c0db58c2de0eae8d4921585062d28334b30a723ee7509e2bffef104b5359b44b,18134
    pantry-tree:
      sha256: ea90a0581033a71dd2ca5fec1403a6abb64206e645b3a22d2d68e150e3360bf6
      size: 13511
  original:
    hackage: clash-prelude-1.8.1
- completed:
    hackage: clash-lib-1.8.1@sha256:311f9a7ae29b23de94a7ba3e9aaccac94755d817ff6e7927a2fff5a8bb3c3e0a,16148
    pantry-tree:
      sha256: 062c056e52db0da3261867165a88b2e9783688dfc82c9c1521837b92cd867421
      size: 23320
  original:
    hackage: clash-lib-1.8.1
- completed:
    hackage: clash-ghc-1.8.1@sha256:e0c9dc8be0d1fda31ee8c3007d7dce3fb3467e5eabe586fb570bdd2fafb3f3a6,10022
    pantry-tree:
      sha256: 275ec37ff07f9762cc45e6bfa9be9940e74c6b994b87e1eafdac786e40af0da0
      size: 5656
  original:
    hackage: clash-ghc-1.8.1
- completed:
    hackage: prettyprinter-interp-0.2.0.0@sha256:69c339a95b265dab9b3478ca19ec96952b6b472bd0ff6e2127112a9562362c1d,2086
    pantry-tree:
      sha256: 72ec39fe4a40e437e7c0d3efba1f97c4e4e860a7b5503f31d185cef389c9c6e1
      size: 300
  original:
    hackage: prettyprinter-interp-0.2.0.0
- completed:
    hackage: concurrent-supply-0.1.8@sha256:80b658533141660818d0781b8c8fb9a8cf69b987fcfbab782dc788bfc7df4846,1627
    pantry-tree:
      sha256: 8ede0db0bb492f20b2ef34e822ac3e957b31693cd6b7ffd502bec11abcba1955
      size: 400
  original:
    hackage: concurrent-supply-0.1.8
- completed:
    hackage: retroclash-lib-0.1.2.2@sha256:4ddf6efb9c8d8da98333ecebdd9d0aee0d99c40767721c16879e80f377175438,3303
    pantry-tree:
      sha256: 18599fffb446ddf4703149874e67782cd055a35645ebefdd5b2beb8f4c8d988c
      size: 1274
  original:
    hackage: retroclash-lib-0.1.2.2
- completed:
    hackage: retroclash-sim-0.1.1@sha256:cd0079dc90fdf50d69bad2ac415745222838280b1615a7149ffe8c38e4b94183,2433
    pantry-tree:
      sha256: 39e7b05e3de9cc7a7ad05e15092a8f7bfb6cb371de7cbf7f80542a8796673466
      size: 377
  original:
    hackage: retroclash-sim-0.1.1
- completed:
    hackage: clashilator-0.1.4@sha256:fc7109a1f7f5ce63a8e03bbf2481bcca3995675a05f5e64fea3d6cd5f1a20d86,2046
    pantry-tree:
      sha256: cee8993e5c6176f147e98905120399574604057cbd527fdfe428c7742686c774
      size: 749
  original:
    hackage: clashilator-0.1.4
- completed:
    hackage: clash-shake-0.3.2@sha256:f4b1951b8cba3b9a3febf095acc5e9162a03625dc524ad42680ee686bd571fbf,1822
    pantry-tree:
      sha256: 2b941c98520a9dff98c23dd76e9259cacfecd3d1b4bcff1014fffc0d70b82098
      size: 852
  original:
    hackage: clash-shake-0.3.2
snapshots:
- completed:
    sha256: 7d4b649cf368f9076d8aa049aa44efe58950971d105892734e9957b2a26a2186
    size: 640060
    url: https://raw.githubusercontent.com/commercialhaskell/stackage-snapshots/master/lts/21/21.yaml
  original: lts-21.21
