# This file was autogenerated by Stack.
# You should not edit this file by hand.
# For more information, please see the documentation at:
#   https://docs.haskellstack.org/en/stable/lock_files

packages:
- completed:
    hackage: clash-prelude-1.6.6@sha256:b1955d63e15ab9bc20dc9dc48b9b71976fb3ed84007fb2b2b2a42bcda2201475,17047
    pantry-tree:
      sha256: 82f8cd1161a14112ea03757c41df4f5373cb5455cefa7ed4f8047fe7ec3eb0ea
      size: 13360
  original:
    hackage: clash-prelude-1.6.6
- completed:
    hackage: clash-lib-1.6.6@sha256:681a08578572c2bc19ef1eb60e38e12187ec3164ff492b23d07575b16daa6a76,13800
    pantry-tree:
      sha256: 7b63274ad4100e158dd297a66fe9140f6a9fc81f84a04d43f130c758eed02168
      size: 22461
  original:
    hackage: clash-lib-1.6.6
- completed:
    hackage: clash-ghc-1.6.6@sha256:f8bfc297a81e490781214a49e5743b2c778bcfcf8c57843b5f447b00e6498320,9385
    pantry-tree:
      sha256: 87d94a30019a2a8a63524ff22e4fc7311aedca9324710835f04c2764f76a93e4
      size: 3634
  original:
    hackage: clash-ghc-1.6.6
- completed:
    hackage: attoparsec-aeson-2.1.0.0@sha256:fa83aba43bfa58490de8f274d19b9d58b6403a207b12cac5f93922102b084c52,1154
    pantry-tree:
      sha256: 294c3a8a19a7ddad58097e18c624c6b34894b3c4a4cc490759cb31d842db242a
      size: 114
  original:
    hackage: attoparsec-aeson-2.1.0.0
- completed:
    hackage: retroclash-lib-0.1.2@sha256:3acfed2ade9f655a6fc512bde4636599021791e34f2a329fd08003bac46a8abe,3140
    pantry-tree:
      sha256: def2b0413226188dc032236d7d17bb8576d8c2a0d7ac24c40b83cffa56c621d4
      size: 1274
  original:
    hackage: retroclash-lib-0.1.2
- completed:
    hackage: retroclash-sim-0.1.1@sha256:079aeec4edb7298506348480df543cf59a1c1d7249aa1d0c7fb01cab0f609ff8,2388
    pantry-tree:
      sha256: 05191dcdf3ac3a5bddeb52d6b5e8ef96781ed0de36710769f5e71ae88ed86614
      size: 377
  original:
    hackage: retroclash-sim-0.1.1
- completed:
    hackage: clash-shake-0.3.1.2@sha256:c063a768d938906bc43c3fa77fadb4240af1ce6f7ca3d92a178c6d9babf95fe8,1784
    pantry-tree:
      sha256: 220db7fbbb53bc02a7a409a9c8e71aa895f90c180a7787c2b459accc99ad6c0a
      size: 788
  original:
    hackage: clash-shake-0.3.1.2
snapshots:
- completed:
    sha256: 6d1532d40621957a25bad5195bfca7938e8a06d923c91bc52aa0f3c41181f2d4
    size: 619204
    url: https://raw.githubusercontent.com/commercialhaskell/stackage-snapshots/master/lts/19/33.yaml
  original: lts-19.33
