# This file was autogenerated by Stack.
# You should not edit this file by hand.
# For more information, please see the documentation at:
#   https://docs.haskellstack.org/en/stable/lock_files

packages:
- completed:
    hackage: clash-ghc-1.2.0@sha256:6411d5f73ce26dd5d90dfb54a27aaba44e04c3002f6db9524e41f2f3f1488a44,7991
    pantry-tree:
      size: 2587
      sha256: 184c0751df03f193be77661e7c00f16cb5a062cddbdafa797fc37d48e691810a
  original:
    hackage: clash-ghc-1.2.0
- completed:
    hackage: clash-prelude-1.2.0@sha256:534c9b29e2242351fc60d11e357660a8de4c77aa5926d6dcf6bb10ea84a55a84,14724
    pantry-tree:
      size: 10202
      sha256: 979a387e0b9f901f7e1c8e279ce7a055a826c016a4f4c9cc9ac9a54a68622f23
  original:
    hackage: clash-prelude-1.2.0
- completed:
    hackage: clash-lib-1.2.0@sha256:ce2c46a60dbdedafa26bcccc8304db0edbccd57d003cbc8a1769db06053eaa28,10664
    pantry-tree:
      size: 16035
      sha256: 92738c47247bb72b351ae7b3302438c1854eca19fd4247a9ab6c47f114044ab7
  original:
    hackage: clash-lib-1.2.0
- completed:
    hackage: concurrent-supply-0.1.7@sha256:b812fbe0f87d73d49853403ccce399ced7c5600b847b0bf264b3723426e43e97,1643
    pantry-tree:
      size: 400
      sha256: cf6a8f888fa48c2c6d6c63badf884703a053a559b85cefff6b74e35f5a0102bb
  original:
    hackage: concurrent-supply-0.1.7
snapshots:
- completed:
    size: 491372
    url: https://raw.githubusercontent.com/commercialhaskell/stackage-snapshots/master/lts/15/2.yaml
    sha256: a98d091d911606d0d8adccbeb811b81bbd8cc2d888f99ef9e273350e8e9692a8
  original: lts-15.2
